
Microsoft Visual Studio Solution File, Format Version 12.00
# Visual Studio 15
VisualStudioVersion = 15.0.27703.2042
MinimumVisualStudioVersion = 10.0.40219.1
Project("{FAE04EC0-301F-11D3-BF4B-00C04F79EFBC}") = "CustomerAPI", "CustomerAPI\CustomerAPI.csproj", "{DA8850A1-E832-44E4-89DA-413A066D74E6}"
EndProject
Project("{FAE04EC0-301F-11D3-BF4B-00C04F79EFBC}") = "Gateway", "Gateway\Gateway.csproj", "{3F67D7B2-572A-4D7E-ACA0-E75457E9004C}"
EndProject
Project("{FAE04EC0-301F-11D3-BF4B-00C04F79EFBC}") = "AccountAPI", "AccountAPI\AccountAPI.csproj", "{57A03BAF-41E8-4A02-ACFA-D235FE8C5690}"
EndProject
Project("{FAE04EC0-301F-11D3-BF4B-00C04F79EFBC}") = "ChequeBookAPI", "ChequeBookAPI\ChequeBookAPI.csproj", "{55F52ECC-A22D-45FC-9723-1EA6C94BD376}"
EndProject
Project("{FAE04EC0-301F-11D3-BF4B-00C04F79EFBC}") = "WebApp", "WebApp\WebApp.csproj", "{447F1ABD-504F-45F4-8643-C3AE9854113D}"
EndProject
Global
	GlobalSection(SolutionConfigurationPlatforms) = preSolution
		Debug|Any CPU = Debug|Any CPU
		Release|Any CPU = Release|Any CPU
	EndGlobalSection
	GlobalSection(ProjectConfigurationPlatforms) = postSolution
		{DA8850A1-E832-44E4-89DA-413A066D74E6}.Debug|Any CPU.ActiveCfg = Debug|Any CPU
		{DA8850A1-E832-44E4-89DA-413A066D74E6}.Debug|Any CPU.Build.0 = Debug|Any CPU
		{DA8850A1-E832-44E4-89DA-413A066D74E6}.Release|Any CPU.ActiveCfg = Release|Any CPU
		{DA8850A1-E832-44E4-89DA-413A066D74E6}.Release|Any CPU.Build.0 = Release|Any CPU
		{3F67D7B2-572A-4D7E-ACA0-E75457E9004C}.Debug|Any CPU.ActiveCfg = Debug|Any CPU
		{3F67D7B2-572A-4D7E-ACA0-E75457E9004C}.Debug|Any CPU.Build.0 = Debug|Any CPU
		{3F67D7B2-572A-4D7E-ACA0-E75457E9004C}.Release|Any CPU.ActiveCfg = Release|Any CPU
		{3F67D7B2-572A-4D7E-ACA0-E75457E9004C}.Release|Any CPU.Build.0 = Release|Any CPU
		{57A03BAF-41E8-4A02-ACFA-D235FE8C5690}.Debug|Any CPU.ActiveCfg = Debug|Any CPU
		{57A03BAF-41E8-4A02-ACFA-D235FE8C5690}.Debug|Any CPU.Build.0 = Debug|Any CPU
		{57A03BAF-41E8-4A02-ACFA-D235FE8C5690}.Release|Any CPU.ActiveCfg = Release|Any CPU
		{57A03BAF-41E8-4A02-ACFA-D235FE8C5690}.Release|Any CPU.Build.0 = Release|Any CPU
		{55F52ECC-A22D-45FC-9723-1EA6C94BD376}.Debug|Any CPU.ActiveCfg = Debug|Any CPU
		{55F52ECC-A22D-45FC-9723-1EA6C94BD376}.Debug|Any CPU.Build.0 = Debug|Any CPU
		{55F52ECC-A22D-45FC-9723-1EA6C94BD376}.Release|Any CPU.ActiveCfg = Release|Any CPU
		{55F52ECC-A22D-45FC-9723-1EA6C94BD376}.Release|Any CPU.Build.0 = Release|Any CPU
		{447F1ABD-504F-45F4-8643-C3AE9854113D}.Debug|Any CPU.ActiveCfg = Debug|Any CPU
		{447F1ABD-504F-45F4-8643-C3AE9854113D}.Debug|Any CPU.Build.0 = Debug|Any CPU
		{447F1ABD-504F-45F4-8643-C3AE9854113D}.Release|Any CPU.ActiveCfg = Release|Any CPU
		{447F1ABD-504F-45F4-8643-C3AE9854113D}.Release|Any CPU.Build.0 = Release|Any CPU
	EndGlobalSection
	GlobalSection(SolutionProperties) = preSolution
		HideSolutionNode = FALSE
	EndGlobalSection
	GlobalSection(ExtensibilityGlobals) = postSolution
		SolutionGuid = {B528BCEB-8D85-4F6A-9164-4B5CFB5A18C6}
	EndGlobalSection
EndGlobal
